// !$*UTF8*$!
{
	archiveVersion = 1;
	classes = {
	};
	objectVersion = 56;
	objects = {

/* Begin PBXBuildFile section */
		E0083CFC2BD3F47D00E03272 /* To_Do_List_AppApp.swift in Sources */ = {isa = PBXBuildFile; fileRef = E0083CFB2BD3F47D00E03272 /* To_Do_List_AppApp.swift */; };
		E0083CFE2BD3F47D00E03272 /* MainView.swift in Sources */ = {isa = PBXBuildFile; fileRef = E0083CFD2BD3F47D00E03272 /* MainView.swift */; };
		E0083D002BD3F47E00E03272 /* Assets.xcassets in Resources */ = {isa = PBXBuildFile; fileRef = E0083CFF2BD3F47E00E03272 /* Assets.xcassets */; };
		E0083D032BD3F47E00E03272 /* Preview Assets.xcassets in Resources */ = {isa = PBXBuildFile; fileRef = E0083D022BD3F47E00E03272 /* Preview Assets.xcassets */; };
		E0083D0B2BD3FBDC00E03272 /* GoogleService-Info.plist in Resources */ = {isa = PBXBuildFile; fileRef = E0083D0A2BD3FBDC00E03272 /* GoogleService-Info.plist */; };
		E034F48A2BD693C700D9EFC3 /* Encodable Extension.swift in Sources */ = {isa = PBXBuildFile; fileRef = E034F4892BD693C700D9EFC3 /* Encodable Extension.swift */; };
		E084254C2BD4FD9500AF5CDC /* LoginFormView.swift in Sources */ = {isa = PBXBuildFile; fileRef = E084254B2BD4FD9500AF5CDC /* LoginFormView.swift */; };
		E084254E2BD5356B00AF5CDC /* TLButton.swift in Sources */ = {isa = PBXBuildFile; fileRef = E084254D2BD5356B00AF5CDC /* TLButton.swift */; };
		E0E2A7AA2BD4030D009ABF48 /* FirebaseAuth in Frameworks */ = {isa = PBXBuildFile; productRef = E0E2A7A92BD4030D009ABF48 /* FirebaseAuth */; };
		E0E2A7AC2BD4030D009ABF48 /* FirebaseFirestore in Frameworks */ = {isa = PBXBuildFile; productRef = E0E2A7AB2BD4030D009ABF48 /* FirebaseFirestore */; };
		E0E2A7AE2BD4030D009ABF48 /* FirebaseFirestoreSwift in Frameworks */ = {isa = PBXBuildFile; productRef = E0E2A7AD2BD4030D009ABF48 /* FirebaseFirestoreSwift */; };
		E0E2A7B42BD405E4009ABF48 /* ProfileView.swift in Sources */ = {isa = PBXBuildFile; fileRef = E0E2A7B32BD405E4009ABF48 /* ProfileView.swift */; };
		E0E2A7B62BD40610009ABF48 /* ToDoListView.swift in Sources */ = {isa = PBXBuildFile; fileRef = E0E2A7B52BD40610009ABF48 /* ToDoListView.swift */; };
		E0E2A7B82BD40630009ABF48 /* NewItemView.swift in Sources */ = {isa = PBXBuildFile; fileRef = E0E2A7B72BD40630009ABF48 /* NewItemView.swift */; };
		E0E2A7BA2BD40645009ABF48 /* LoginView.swift in Sources */ = {isa = PBXBuildFile; fileRef = E0E2A7B92BD40645009ABF48 /* LoginView.swift */; };
		E0E2A7BC2BD40653009ABF48 /* RegisterView.swift in Sources */ = {isa = PBXBuildFile; fileRef = E0E2A7BB2BD40653009ABF48 /* RegisterView.swift */; };
		E0E2A7BE2BD406A5009ABF48 /* ToDoListItemView.swift in Sources */ = {isa = PBXBuildFile; fileRef = E0E2A7BD2BD406A5009ABF48 /* ToDoListItemView.swift */; };
		E0E2A7C02BD40709009ABF48 /* User.swift in Sources */ = {isa = PBXBuildFile; fileRef = E0E2A7BF2BD40709009ABF48 /* User.swift */; };
		E0E2A7C22BD4071F009ABF48 /* ToDoListItem.swift in Sources */ = {isa = PBXBuildFile; fileRef = E0E2A7C12BD4071F009ABF48 /* ToDoListItem.swift */; };
		E0E2A7C42BD4074A009ABF48 /* MainViewViewModel.swift in Sources */ = {isa = PBXBuildFile; fileRef = E0E2A7C32BD4074A009ABF48 /* MainViewViewModel.swift */; };
		E0E2A7C62BD40753009ABF48 /* ProfileViewViewModel.swift in Sources */ = {isa = PBXBuildFile; fileRef = E0E2A7C52BD40753009ABF48 /* ProfileViewViewModel.swift */; };
		E0E2A7C82BD4075F009ABF48 /* ToDoListViewViewModel.swift in Sources */ = {isa = PBXBuildFile; fileRef = E0E2A7C72BD4075F009ABF48 /* ToDoListViewViewModel.swift */; };
		E0E2A7CA2BD4076B009ABF48 /* NewtemViewViewModel.swift in Sources */ = {isa = PBXBuildFile; fileRef = E0E2A7C92BD4076B009ABF48 /* NewtemViewViewModel.swift */; };
		E0E2A7CC2BD40774009ABF48 /* LoginViewViewModel.swift in Sources */ = {isa = PBXBuildFile; fileRef = E0E2A7CB2BD40774009ABF48 /* LoginViewViewModel.swift */; };
		E0E2A7CE2BD4077C009ABF48 /* RegisterViewViewModel.swift in Sources */ = {isa = PBXBuildFile; fileRef = E0E2A7CD2BD4077C009ABF48 /* RegisterViewViewModel.swift */; };
		E0E2A7D02BD40789009ABF48 /* ToDoListItemViewViewModel.swift in Sources */ = {isa = PBXBuildFile; fileRef = E0E2A7CF2BD40789009ABF48 /* ToDoListItemViewViewModel.swift */; };
		E0E2A7D22BD413B0009ABF48 /* HeaderView.swift in Sources */ = {isa = PBXBuildFile; fileRef = E0E2A7D12BD413B0009ABF48 /* HeaderView.swift */; };
/* End PBXBuildFile section */

/* Begin PBXFileReference section */
		E0083CF82BD3F47D00E03272 /* To Do List App.app */ = {isa = PBXFileReference; explicitFileType = wrapper.application; includeInIndex = 0; path = "To Do List App.app"; sourceTree = BUILT_PRODUCTS_DIR; };
		E0083CFB2BD3F47D00E03272 /* To_Do_List_AppApp.swift */ = {isa = PBXFileReference; lastKnownFileType = sourcecode.swift; path = To_Do_List_AppApp.swift; sourceTree = "<group>"; };
		E0083CFD2BD3F47D00E03272 /* MainView.swift */ = {isa = PBXFileReference; lastKnownFileType = sourcecode.swift; path = MainView.swift; sourceTree = "<group>"; };
		E0083CFF2BD3F47E00E03272 /* Assets.xcassets */ = {isa = PBXFileReference; lastKnownFileType = folder.assetcatalog; path = Assets.xcassets; sourceTree = "<group>"; };
		E0083D022BD3F47E00E03272 /* Preview Assets.xcassets */ = {isa = PBXFileReference; lastKnownFileType = folder.assetcatalog; path = "Preview Assets.xcassets"; sourceTree = "<group>"; };
		E0083D0A2BD3FBDC00E03272 /* GoogleService-Info.plist */ = {isa = PBXFileReference; fileEncoding = 4; lastKnownFileType = text.plist.xml; path = "GoogleService-Info.plist"; sourceTree = "<group>"; };
		E034F4892BD693C700D9EFC3 /* Encodable Extension.swift */ = {isa = PBXFileReference; lastKnownFileType = sourcecode.swift; path = "Encodable Extension.swift"; sourceTree = "<group>"; };
		E084254B2BD4FD9500AF5CDC /* LoginFormView.swift */ = {isa = PBXFileReference; lastKnownFileType = sourcecode.swift; path = LoginFormView.swift; sourceTree = "<group>"; };
		E084254D2BD5356B00AF5CDC /* TLButton.swift */ = {isa = PBXFileReference; lastKnownFileType = sourcecode.swift; path = TLButton.swift; sourceTree = "<group>"; };
		E0E2A7B32BD405E4009ABF48 /* ProfileView.swift */ = {isa = PBXFileReference; lastKnownFileType = sourcecode.swift; path = ProfileView.swift; sourceTree = "<group>"; };
		E0E2A7B52BD40610009ABF48 /* ToDoListView.swift */ = {isa = PBXFileReference; lastKnownFileType = sourcecode.swift; path = ToDoListView.swift; sourceTree = "<group>"; };
		E0E2A7B72BD40630009ABF48 /* NewItemView.swift */ = {isa = PBXFileReference; lastKnownFileType = sourcecode.swift; path = NewItemView.swift; sourceTree = "<group>"; };
		E0E2A7B92BD40645009ABF48 /* LoginView.swift */ = {isa = PBXFileReference; lastKnownFileType = sourcecode.swift; path = LoginView.swift; sourceTree = "<group>"; };
		E0E2A7BB2BD40653009ABF48 /* RegisterView.swift */ = {isa = PBXFileReference; lastKnownFileType = sourcecode.swift; path = RegisterView.swift; sourceTree = "<group>"; };
		E0E2A7BD2BD406A5009ABF48 /* ToDoListItemView.swift */ = {isa = PBXFileReference; lastKnownFileType = sourcecode.swift; path = ToDoListItemView.swift; sourceTree = "<group>"; };
		E0E2A7BF2BD40709009ABF48 /* User.swift */ = {isa = PBXFileReference; lastKnownFileType = sourcecode.swift; path = User.swift; sourceTree = "<group>"; };
		E0E2A7C12BD4071F009ABF48 /* ToDoListItem.swift */ = {isa = PBXFileReference; lastKnownFileType = sourcecode.swift; path = ToDoListItem.swift; sourceTree = "<group>"; };
		E0E2A7C32BD4074A009ABF48 /* MainViewViewModel.swift */ = {isa = PBXFileReference; lastKnownFileType = sourcecode.swift; path = MainViewViewModel.swift; sourceTree = "<group>"; };
		E0E2A7C52BD40753009ABF48 /* ProfileViewViewModel.swift */ = {isa = PBXFileReference; lastKnownFileType = sourcecode.swift; path = ProfileViewViewModel.swift; sourceTree = "<group>"; };
		E0E2A7C72BD4075F009ABF48 /* ToDoListViewViewModel.swift */ = {isa = PBXFileReference; lastKnownFileType = sourcecode.swift; path = ToDoListViewViewModel.swift; sourceTree = "<group>"; };
		E0E2A7C92BD4076B009ABF48 /* NewtemViewViewModel.swift */ = {isa = PBXFileReference; lastKnownFileType = sourcecode.swift; path = NewtemViewViewModel.swift; sourceTree = "<group>"; };
		E0E2A7CB2BD40774009ABF48 /* LoginViewViewModel.swift */ = {isa = PBXFileReference; lastKnownFileType = sourcecode.swift; path = LoginViewViewModel.swift; sourceTree = "<group>"; };
		E0E2A7CD2BD4077C009ABF48 /* RegisterViewViewModel.swift */ = {isa = PBXFileReference; lastKnownFileType = sourcecode.swift; path = RegisterViewViewModel.swift; sourceTree = "<group>"; };
		E0E2A7CF2BD40789009ABF48 /* ToDoListItemViewViewModel.swift */ = {isa = PBXFileReference; lastKnownFileType = sourcecode.swift; path = ToDoListItemViewViewModel.swift; sourceTree = "<group>"; };
		E0E2A7D12BD413B0009ABF48 /* HeaderView.swift */ = {isa = PBXFileReference; lastKnownFileType = sourcecode.swift; path = HeaderView.swift; sourceTree = "<group>"; };
/* End PBXFileReference section */

/* Begin PBXFrameworksBuildPhase section */
		E0083CF52BD3F47D00E03272 /* Frameworks */ = {
			isa = PBXFrameworksBuildPhase;
			buildActionMask = 2147483647;
			files = (
				E0E2A7AA2BD4030D009ABF48 /* FirebaseAuth in Frameworks */,
				E0E2A7AC2BD4030D009ABF48 /* FirebaseFirestore in Frameworks */,
				E0E2A7AE2BD4030D009ABF48 /* FirebaseFirestoreSwift in Frameworks */,
			);
			runOnlyForDeploymentPostprocessing = 0;
		};
/* End PBXFrameworksBuildPhase section */

/* Begin PBXGroup section */
		E0083CEF2BD3F47D00E03272 = {
			isa = PBXGroup;
			children = (
				E0083CFA2BD3F47D00E03272 /* To Do List App */,
				E0083CF92BD3F47D00E03272 /* Products */,
			);
			sourceTree = "<group>";
		};
		E0083CF92BD3F47D00E03272 /* Products */ = {
			isa = PBXGroup;
			children = (
				E0083CF82BD3F47D00E03272 /* To Do List App.app */,
			);
			name = Products;
			sourceTree = "<group>";
		};
		E0083CFA2BD3F47D00E03272 /* To Do List App */ = {
			isa = PBXGroup;
			children = (
				E034F4882BD693AE00D9EFC3 /* Extensions */,
				E0E2A7B22BD404E2009ABF48 /* Other */,
				E0E2A7B12BD404CE009ABF48 /* Models */,
				E0E2A7B02BD404C6009ABF48 /* View Models */,
				E0E2A7AF2BD404C0009ABF48 /* Views */,
				E0083D012BD3F47E00E03272 /* Preview Content */,
			);
			path = "To Do List App";
			sourceTree = "<group>";
		};
		E0083D012BD3F47E00E03272 /* Preview Content */ = {
			isa = PBXGroup;
			children = (
				E0083D022BD3F47E00E03272 /* Preview Assets.xcassets */,
			);
			path = "Preview Content";
			sourceTree = "<group>";
		};
		E034F4882BD693AE00D9EFC3 /* Extensions */ = {
			isa = PBXGroup;
			children = (
				E034F4892BD693C700D9EFC3 /* Encodable Extension.swift */,
			);
			path = Extensions;
			sourceTree = "<group>";
		};
		E0E2A7AF2BD404C0009ABF48 /* Views */ = {
			isa = PBXGroup;
			children = (
				E0083CFD2BD3F47D00E03272 /* MainView.swift */,
				E0E2A7B32BD405E4009ABF48 /* ProfileView.swift */,
				E0E2A7B52BD40610009ABF48 /* ToDoListView.swift */,
				E0E2A7B72BD40630009ABF48 /* NewItemView.swift */,
				E0E2A7B92BD40645009ABF48 /* LoginView.swift */,
				E0E2A7BB2BD40653009ABF48 /* RegisterView.swift */,
				E0E2A7BD2BD406A5009ABF48 /* ToDoListItemView.swift */,
				E0E2A7D12BD413B0009ABF48 /* HeaderView.swift */,
				E084254B2BD4FD9500AF5CDC /* LoginFormView.swift */,
				E084254D2BD5356B00AF5CDC /* TLButton.swift */,
			);
			path = Views;
			sourceTree = "<group>";
		};
		E0E2A7B02BD404C6009ABF48 /* View Models */ = {
			isa = PBXGroup;
			children = (
				E0E2A7C32BD4074A009ABF48 /* MainViewViewModel.swift */,
				E0E2A7C52BD40753009ABF48 /* ProfileViewViewModel.swift */,
				E0E2A7C72BD4075F009ABF48 /* ToDoListViewViewModel.swift */,
				E0E2A7C92BD4076B009ABF48 /* NewtemViewViewModel.swift */,
				E0E2A7CB2BD40774009ABF48 /* LoginViewViewModel.swift */,
				E0E2A7CD2BD4077C009ABF48 /* RegisterViewViewModel.swift */,
				E0E2A7CF2BD40789009ABF48 /* ToDoListItemViewViewModel.swift */,
			);
			path = "View Models";
			sourceTree = "<group>";
		};
		E0E2A7B12BD404CE009ABF48 /* Models */ = {
			isa = PBXGroup;
			children = (
				E0E2A7BF2BD40709009ABF48 /* User.swift */,
				E0E2A7C12BD4071F009ABF48 /* ToDoListItem.swift */,
			);
			path = Models;
			sourceTree = "<group>";
		};
		E0E2A7B22BD404E2009ABF48 /* Other */ = {
			isa = PBXGroup;
			children = (
				E0083D0A2BD3FBDC00E03272 /* GoogleService-Info.plist */,
				E0083CFF2BD3F47E00E03272 /* Assets.xcassets */,
				E0083CFB2BD3F47D00E03272 /* To_Do_List_AppApp.swift */,
			);
			path = Other;
			sourceTree = "<group>";
		};
/* End PBXGroup section */

/* Begin PBXNativeTarget section */
		E0083CF72BD3F47D00E03272 /* To Do List App */ = {
			isa = PBXNativeTarget;
			buildConfigurationList = E0083D062BD3F47E00E03272 /* Build configuration list for PBXNativeTarget "To Do List App" */;
			buildPhases = (
				E0083CF42BD3F47D00E03272 /* Sources */,
				E0083CF52BD3F47D00E03272 /* Frameworks */,
				E0083CF62BD3F47D00E03272 /* Resources */,
			);
			buildRules = (
			);
			dependencies = (
			);
			name = "To Do List App";
			packageProductDependencies = (
				E0E2A7A92BD4030D009ABF48 /* FirebaseAuth */,
				E0E2A7AB2BD4030D009ABF48 /* FirebaseFirestore */,
				E0E2A7AD2BD4030D009ABF48 /* FirebaseFirestoreSwift */,
			);
			productName = "To Do List App";
			productReference = E0083CF82BD3F47D00E03272 /* To Do List App.app */;
			productType = "com.apple.product-type.application";
		};
/* End PBXNativeTarget section */

/* Begin PBXProject section */
		E0083CF02BD3F47D00E03272 /* Project object */ = {
			isa = PBXProject;
			attributes = {
				BuildIndependentTargetsInParallel = 1;
				LastSwiftUpdateCheck = 1530;
				LastUpgradeCheck = 1530;
				TargetAttributes = {
					E0083CF72BD3F47D00E03272 = {
						CreatedOnToolsVersion = 15.3;
					};
				};
			};
			buildConfigurationList = E0083CF32BD3F47D00E03272 /* Build configuration list for PBXProject "To Do List App" */;
			compatibilityVersion = "Xcode 14.0";
			developmentRegion = en;
			hasScannedForEncodings = 0;
			knownRegions = (
				en,
				Base,
			);
			mainGroup = E0083CEF2BD3F47D00E03272;
			packageReferences = (
				E0083D092BD3F8A600E03272 /* XCRemoteSwiftPackageReference "firebase-ios-sdk" */,
			);
			productRefGroup = E0083CF92BD3F47D00E03272 /* Products */;
			projectDirPath = "";
			projectRoot = "";
			targets = (
				E0083CF72BD3F47D00E03272 /* To Do List App */,
			);
		};
/* End PBXProject section */

/* Begin PBXResourcesBuildPhase section */
		E0083CF62BD3F47D00E03272 /* Resources */ = {
			isa = PBXResourcesBuildPhase;
			buildActionMask = 2147483647;
			files = (
				E0083D032BD3F47E00E03272 /* Preview Assets.xcassets in Resources */,
				E0083D002BD3F47E00E03272 /* Assets.xcassets in Resources */,
				E0083D0B2BD3FBDC00E03272 /* GoogleService-Info.plist in Resources */,
			);
			runOnlyForDeploymentPostprocessing = 0;
		};
/* End PBXResourcesBuildPhase section */

/* Begin PBXSourcesBuildPhase section */
		E0083CF42BD3F47D00E03272 /* Sources */ = {
			isa = PBXSourcesBuildPhase;
			buildActionMask = 2147483647;
			files = (
				E0E2A7BA2BD40645009ABF48 /* LoginView.swift in Sources */,
				E0E2A7D22BD413B0009ABF48 /* HeaderView.swift in Sources */,
				E0083CFE2BD3F47D00E03272 /* MainView.swift in Sources */,
				E0E2A7CE2BD4077C009ABF48 /* RegisterViewViewModel.swift in Sources */,
				E0E2A7C42BD4074A009ABF48 /* MainViewViewModel.swift in Sources */,
				E0E2A7B62BD40610009ABF48 /* ToDoListView.swift in Sources */,
				E0E2A7BC2BD40653009ABF48 /* RegisterView.swift in Sources */,
				E0E2A7C62BD40753009ABF48 /* ProfileViewViewModel.swift in Sources */,
				E034F48A2BD693C700D9EFC3 /* Encodable Extension.swift in Sources */,
				E0E2A7B42BD405E4009ABF48 /* ProfileView.swift in Sources */,
				E084254E2BD5356B00AF5CDC /* TLButton.swift in Sources */,
				E084254C2BD4FD9500AF5CDC /* LoginFormView.swift in Sources */,
				E0E2A7C02BD40709009ABF48 /* User.swift in Sources */,
				E0E2A7BE2BD406A5009ABF48 /* ToDoListItemView.swift in Sources */,
				E0E2A7C82BD4075F009ABF48 /* ToDoListViewViewModel.swift in Sources */,
				E0E2A7CC2BD40774009ABF48 /* LoginViewViewModel.swift in Sources */,
				E0083CFC2BD3F47D00E03272 /* To_Do_List_AppApp.swift in Sources */,
				E0E2A7CA2BD4076B009ABF48 /* NewtemViewViewModel.swift in Sources */,
				E0E2A7C22BD4071F009ABF48 /* ToDoListItem.swift in Sources */,
				E0E2A7B82BD40630009ABF48 /* NewItemView.swift in Sources */,
				E0E2A7D02BD40789009ABF48 /* ToDoListItemViewViewModel.swift in Sources */,
			);
			runOnlyForDeploymentPostprocessing = 0;
		};
/* End PBXSourcesBuildPhase section */

/* Begin XCBuildConfiguration section */
		E0083D042BD3F47E00E03272 /* Debug */ = {
			isa = XCBuildConfiguration;
			buildSettings = {
				ALWAYS_SEARCH_USER_PATHS = NO;
				ASSETCATALOG_COMPILER_GENERATE_SWIFT_ASSET_SYMBOL_EXTENSIONS = YES;
				CLANG_ANALYZER_NONNULL = YES;
				CLANG_ANALYZER_NUMBER_OBJECT_CONVERSION = YES_AGGRESSIVE;
				CLANG_CXX_LANGUAGE_STANDARD = "gnu++20";
				CLANG_ENABLE_MODULES = YES;
				CLANG_ENABLE_OBJC_ARC = YES;
				CLANG_ENABLE_OBJC_WEAK = YES;
				CLANG_WARN_BLOCK_CAPTURE_AUTORELEASING = YES;
				CLANG_WARN_BOOL_CONVERSION = YES;
				CLANG_WARN_COMMA = YES;
				CLANG_WARN_CONSTANT_CONVERSION = YES;
				CLANG_WARN_DEPRECATED_OBJC_IMPLEMENTATIONS = YES;
				CLANG_WARN_DIRECT_OBJC_ISA_USAGE = YES_ERROR;
				CLANG_WARN_DOCUMENTATION_COMMENTS = YES;
				CLANG_WARN_EMPTY_BODY = YES;
				CLANG_WARN_ENUM_CONVERSION = YES;
				CLANG_WARN_INFINITE_RECURSION = YES;
				CLANG_WARN_INT_CONVERSION = YES;
				CLANG_WARN_NON_LITERAL_NULL_CONVERSION = YES;
				CLANG_WARN_OBJC_IMPLICIT_RETAIN_SELF = YES;
				CLANG_WARN_OBJC_LITERAL_CONVERSION = YES;
				CLANG_WARN_OBJC_ROOT_CLASS = YES_ERROR;
				CLANG_WARN_QUOTED_INCLUDE_IN_FRAMEWORK_HEADER = YES;
				CLANG_WARN_RANGE_LOOP_ANALYSIS = YES;
				CLANG_WARN_STRICT_PROTOTYPES = YES;
				CLANG_WARN_SUSPICIOUS_MOVE = YES;
				CLANG_WARN_UNGUARDED_AVAILABILITY = YES_AGGRESSIVE;
				CLANG_WARN_UNREACHABLE_CODE = YES;
				CLANG_WARN__DUPLICATE_METHOD_MATCH = YES;
				COPY_PHASE_STRIP = NO;
				DEBUG_INFORMATION_FORMAT = dwarf;
				ENABLE_STRICT_OBJC_MSGSEND = YES;
				ENABLE_TESTABILITY = YES;
				ENABLE_USER_SCRIPT_SANDBOXING = YES;
				GCC_C_LANGUAGE_STANDARD = gnu17;
				GCC_DYNAMIC_NO_PIC = NO;
				GCC_NO_COMMON_BLOCKS = YES;
				GCC_OPTIMIZATION_LEVEL = 0;
				GCC_PREPROCESSOR_DEFINITIONS = (
					"DEBUG=1",
					"$(inherited)",
				);
				GCC_WARN_64_TO_32_BIT_CONVERSION = YES;
				GCC_WARN_ABOUT_RETURN_TYPE = YES_ERROR;
				GCC_WARN_UNDECLARED_SELECTOR = YES;
				GCC_WARN_UNINITIALIZED_AUTOS = YES_AGGRESSIVE;
				GCC_WARN_UNUSED_FUNCTION = YES;
				GCC_WARN_UNUSED_VARIABLE = YES;
				IPHONEOS_DEPLOYMENT_TARGET = 17.4;
				LOCALIZATION_PREFERS_STRING_CATALOGS = YES;
				MTL_ENABLE_DEBUG_INFO = INCLUDE_SOURCE;
				MTL_FAST_MATH = YES;
				ONLY_ACTIVE_ARCH = YES;
				SDKROOT = iphoneos;
				SWIFT_ACTIVE_COMPILATION_CONDITIONS = "DEBUG $(inherited)";
				SWIFT_OPTIMIZATION_LEVEL = "-Onone";
			};
			name = Debug;
		};
		E0083D052BD3F47E00E03272 /* Release */ = {
			isa = XCBuildConfiguration;
			buildSettings = {
				ALWAYS_SEARCH_USER_PATHS = NO;
				ASSETCATALOG_COMPILER_GENERATE_SWIFT_ASSET_SYMBOL_EXTENSIONS = YES;
				CLANG_ANALYZER_NONNULL = YES;
				CLANG_ANALYZER_NUMBER_OBJECT_CONVERSION = YES_AGGRESSIVE;
				CLANG_CXX_LANGUAGE_STANDARD = "gnu++20";
				CLANG_ENABLE_MODULES = YES;
				CLANG_ENABLE_OBJC_ARC = YES;
				CLANG_ENABLE_OBJC_WEAK = YES;
				CLANG_WARN_BLOCK_CAPTURE_AUTORELEASING = YES;
				CLANG_WARN_BOOL_CONVERSION = YES;
				CLANG_WARN_COMMA = YES;
				CLANG_WARN_CONSTANT_CONVERSION = YES;
				CLANG_WARN_DEPRECATED_OBJC_IMPLEMENTATIONS = YES;
				CLANG_WARN_DIRECT_OBJC_ISA_USAGE = YES_ERROR;
				CLANG_WARN_DOCUMENTATION_COMMENTS = YES;
				CLANG_WARN_EMPTY_BODY = YES;
				CLANG_WARN_ENUM_CONVERSION = YES;
				CLANG_WARN_INFINITE_RECURSION = YES;
				CLANG_WARN_INT_CONVERSION = YES;
				CLANG_WARN_NON_LITERAL_NULL_CONVERSION = YES;
				CLANG_WARN_OBJC_IMPLICIT_RETAIN_SELF = YES;
				CLANG_WARN_OBJC_LITERAL_CONVERSION = YES;
				CLANG_WARN_OBJC_ROOT_CLASS = YES_ERROR;
				CLANG_WARN_QUOTED_INCLUDE_IN_FRAMEWORK_HEADER = YES;
				CLANG_WARN_RANGE_LOOP_ANALYSIS = YES;
				CLANG_WARN_STRICT_PROTOTYPES = YES;
				CLANG_WARN_SUSPICIOUS_MOVE = YES;
				CLANG_WARN_UNGUARDED_AVAILABILITY = YES_AGGRESSIVE;
				CLANG_WARN_UNREACHABLE_CODE = YES;
				CLANG_WARN__DUPLICATE_METHOD_MATCH = YES;
				COPY_PHASE_STRIP = NO;
				DEBUG_INFORMATION_FORMAT = "dwarf-with-dsym";
				ENABLE_NS_ASSERTIONS = NO;
				ENABLE_STRICT_OBJC_MSGSEND = YES;
				ENABLE_USER_SCRIPT_SANDBOXING = YES;
				GCC_C_LANGUAGE_STANDARD = gnu17;
				GCC_NO_COMMON_BLOCKS = YES;
				GCC_WARN_64_TO_32_BIT_CONVERSION = YES;
				GCC_WARN_ABOUT_RETURN_TYPE = YES_ERROR;
				GCC_WARN_UNDECLARED_SELECTOR = YES;
				GCC_WARN_UNINITIALIZED_AUTOS = YES_AGGRESSIVE;
				GCC_WARN_UNUSED_FUNCTION = YES;
				GCC_WARN_UNUSED_VARIABLE = YES;
				IPHONEOS_DEPLOYMENT_TARGET = 17.4;
				LOCALIZATION_PREFERS_STRING_CATALOGS = YES;
				MTL_ENABLE_DEBUG_INFO = NO;
				MTL_FAST_MATH = YES;
				SDKROOT = iphoneos;
				SWIFT_COMPILATION_MODE = wholemodule;
				VALIDATE_PRODUCT = YES;
			};
			name = Release;
		};
		E0083D072BD3F47E00E03272 /* Debug */ = {
			isa = XCBuildConfiguration;
			buildSettings = {
				ASSETCATALOG_COMPILER_APPICON_NAME = AppIcon;
				ASSETCATALOG_COMPILER_GLOBAL_ACCENT_COLOR_NAME = AccentColor;
				CODE_SIGN_STYLE = Automatic;
				CURRENT_PROJECT_VERSION = 1;
				DEVELOPMENT_ASSET_PATHS = "\"To Do List App/Preview Content\"";
				DEVELOPMENT_TEAM = NA979M4P72;
				ENABLE_PREVIEWS = YES;
				GENERATE_INFOPLIST_FILE = YES;
				INFOPLIST_KEY_CFBundleDisplayName = "To Do List";
				INFOPLIST_KEY_UIApplicationSceneManifest_Generation = YES;
				INFOPLIST_KEY_UIApplicationSupportsIndirectInputEvents = YES;
				INFOPLIST_KEY_UILaunchScreen_Generation = YES;
				INFOPLIST_KEY_UISupportedInterfaceOrientations = UIInterfaceOrientationPortrait;
				LD_RUNPATH_SEARCH_PATHS = (
					"$(inherited)",
					"@executable_path/Frameworks",
				);
				MARKETING_VERSION = 1.0;
				PRODUCT_BUNDLE_IDENTIFIER = "test.To-Do-List-App";
				PRODUCT_NAME = "$(TARGET_NAME)";
				SWIFT_EMIT_LOC_STRINGS = YES;
				SWIFT_VERSION = 5.0;
				TARGETED_DEVICE_FAMILY = "1,2";
			};
			name = Debug;
		};
		E0083D082BD3F47E00E03272 /* Release */ = {
			isa = XCBuildConfiguration;
			buildSettings = {
				ASSETCATALOG_COMPILER_APPICON_NAME = AppIcon;
				ASSETCATALOG_COMPILER_GLOBAL_ACCENT_COLOR_NAME = AccentColor;
				CODE_SIGN_STYLE = Automatic;
				CURRENT_PROJECT_VERSION = 1;
				DEVELOPMENT_ASSET_PATHS = "\"To Do List App/Preview Content\"";
				DEVELOPMENT_TEAM = NA979M4P72;
				ENABLE_PREVIEWS = YES;
				GENERATE_INFOPLIST_FILE = YES;
				INFOPLIST_KEY_CFBundleDisplayName = "To Do List";
				INFOPLIST_KEY_UIApplicationSceneManifest_Generation = YES;
				INFOPLIST_KEY_UIApplicationSupportsIndirectInputEvents = YES;
				INFOPLIST_KEY_UILaunchScreen_Generation = YES;
				INFOPLIST_KEY_UISupportedInterfaceOrientations = UIInterfaceOrientationPortrait;
				LD_RUNPATH_SEARCH_PATHS = (
					"$(inherited)",
					"@executable_path/Frameworks",
				);
				MARKETING_VERSION = 1.0;
				PRODUCT_BUNDLE_IDENTIFIER = "test.To-Do-List-App";
				PRODUCT_NAME = "$(TARGET_NAME)";
				SWIFT_EMIT_LOC_STRINGS = YES;
				SWIFT_VERSION = 5.0;
				TARGETED_DEVICE_FAMILY = "1,2";
			};
			name = Release;
		};
/* End XCBuildConfiguration section */

/* Begin XCConfigurationList section */
		E0083CF32BD3F47D00E03272 /* Build configuration list for PBXProject "To Do List App" */ = {
			isa = XCConfigurationList;
			buildConfigurations = (
				E0083D042BD3F47E00E03272 /* Debug */,
				E0083D052BD3F47E00E03272 /* Release */,
			);
			defaultConfigurationIsVisible = 0;
			defaultConfigurationName = Release;
		};
		E0083D062BD3F47E00E03272 /* Build configuration list for PBXNativeTarget "To Do List App" */ = {
			isa = XCConfigurationList;
			buildConfigurations = (
				E0083D072BD3F47E00E03272 /* Debug */,
				E0083D082BD3F47E00E03272 /* Release */,
			);
			defaultConfigurationIsVisible = 0;
			defaultConfigurationName = Release;
		};
/* End XCConfigurationList section */

/* Begin XCRemoteSwiftPackageReference section */
		E0083D092BD3F8A600E03272 /* XCRemoteSwiftPackageReference "firebase-ios-sdk" */ = {
			isa = XCRemoteSwiftPackageReference;
			repositoryURL = "https://github.com/firebase/firebase-ios-sdk.git";
			requirement = {
				kind = upToNextMajorVersion;
				minimumVersion = 10.24.0;
			};
		};
/* End XCRemoteSwiftPackageReference section */

/* Begin XCSwiftPackageProductDependency section */
		E0E2A7A92BD4030D009ABF48 /* FirebaseAuth */ = {
			isa = XCSwiftPackageProductDependency;
			productName = FirebaseAuth;
		};
		E0E2A7AB2BD4030D009ABF48 /* FirebaseFirestore */ = {
			isa = XCSwiftPackageProductDependency;
			productName = FirebaseFirestore;
		};
		E0E2A7AD2BD4030D009ABF48 /* FirebaseFirestoreSwift */ = {
			isa = XCSwiftPackageProductDependency;
			productName = FirebaseFirestoreSwift;
		};
/* End XCSwiftPackageProductDependency section */
	};
	rootObject = E0083CF02BD3F47D00E03272 /* Project object */;
}
